
Microsoft Visual Studio Solution File, Format Version 12.00
# Visual Studio 15
VisualStudioVersion = 15.0.28307.779
MinimumVisualStudioVersion = 10.0.40219.1
Project("{888888A0-9F3D-457C-B088-3A5042F75D52}") = "ENPM661_Project1", "ENPM661_Project1\ENPM661_Project1.pyproj", "{7818C449-B2F2-4968-8EAA-CDA398664DD0}"
EndProject
Global
	GlobalSection(SolutionConfigurationPlatforms) = preSolution
		Debug|Any CPU = Debug|Any CPU
		Release|Any CPU = Release|Any CPU
	EndGlobalSection
	GlobalSection(ProjectConfigurationPlatforms) = postSolution
		{7818C449-B2F2-4968-8EAA-CDA398664DD0}.Debug|Any CPU.ActiveCfg = Debug|Any CPU
		{7818C449-B2F2-4968-8EAA-CDA398664DD0}.Release|Any CPU.ActiveCfg = Release|Any CPU
	EndGlobalSection
	GlobalSection(SolutionProperties) = preSolution
		HideSolutionNode = FALSE
	EndGlobalSection
	GlobalSection(ExtensibilityGlobals) = postSolution
		SolutionGuid = {B2C8731C-AA4E-4D95-BEC8-3BB576C782AB}
	EndGlobalSection
EndGlobal
